# THIS IS AN AUTOGENERATED FILE. DO NOT EDIT THIS FILE DIRECTLY.
# yarn lockfile v1


"@esbuild/android-arm@0.15.11":
  version "0.15.11"
  resolved "https://registry.yarnpkg.com/@esbuild/android-arm/-/android-arm-0.15.11.tgz#bdd9c3e098183bdca97075aa4c3e0152ed3e10ee"
  integrity sha512-PzMcQLazLBkwDEkrNPi9AbjFt6+3I7HKbiYF2XtWQ7wItrHvEOeO3T8Am434zAozWtVP7lrTue1bEfc2nYWeCA==

"@esbuild/linux-loong64@0.15.11":
  version "0.15.11"
  resolved "https://registry.yarnpkg.com/@esbuild/linux-loong64/-/linux-loong64-0.15.11.tgz#2f4f9a1083dcb4fc65233b6f59003c406abf32e5"
  integrity sha512-geWp637tUhNmhL3Xgy4Bj703yXB9dqiLJe05lCUfjSFDrQf9C/8pArusyPUbUbPwlC/EAUjBw32sxuIl/11dZw==

"@rollup/pluginutils@^4.2.1":
  version "4.2.1"
  resolved "https://registry.yarnpkg.com/@rollup/pluginutils/-/pluginutils-4.2.1.tgz#e6c6c3aba0744edce3fb2074922d3776c0af2a6d"
  integrity sha512-iKnFXr7NkdZAIHiIWE+BX5ULi/ucVFYWD6TbAV+rZctiRTY2PL6tsIKhoIOaoskiWAkgu+VsbXgUVDNLHf+InQ==
  dependencies:
    estree-walker "^2.0.1"
    picomatch "^2.2.2"

"@sveltejs/vite-plugin-svelte@^1.0.2":
  version "1.0.9"
  resolved "https://registry.yarnpkg.com/@sveltejs/vite-plugin-svelte/-/vite-plugin-svelte-1.0.9.tgz#b19bde0ba1929a06205888e94475595e3ac0c258"
  integrity sha512-+SDrAnT7TDi8sdj4OfD2SC4s9DNrpNVBrue8fT2PmKks9Ddu0JIfSeX91wXZb/1xHz4EkGb+rli8GTRI0yGOjg==
  dependencies:
    "@rollup/pluginutils" "^4.2.1"
    debug "^4.3.4"
    deepmerge "^4.2.2"
    kleur "^4.1.5"
    magic-string "^0.26.5"
    svelte-hmr "^0.15.0"

"@types/d3-array@*":
  version "3.0.3"
  resolved "https://registry.yarnpkg.com/@types/d3-array/-/d3-array-3.0.3.tgz#87d990bf504d14ad6b16766979d04e943c046dac"
  integrity sha512-Reoy+pKnvsksN0lQUlcH6dOGjRZ/3WRwXR//m+/8lt1BXeI4xyaUZoqULNjyXXRuh0Mj4LNpkCvhUpQlY3X5xQ==

"@types/d3-axis@*":
  version "3.0.1"
  resolved "https://registry.yarnpkg.com/@types/d3-axis/-/d3-axis-3.0.1.tgz#6afc20744fa5cc0cbc3e2bd367b140a79ed3e7a8"
  integrity sha512-zji/iIbdd49g9WN0aIsGcwcTBUkgLsCSwB+uH+LPVDAiKWENMtI3cJEWt+7/YYwelMoZmbBfzA3qCdrZ2XFNnw==
  dependencies:
    "@types/d3-selection" "*"

"@types/d3-brush@*":
  version "3.0.1"
  resolved "https://registry.yarnpkg.com/@types/d3-brush/-/d3-brush-3.0.1.tgz#ae5f17ce391935ca88b29000e60ee20452c6357c"
  integrity sha512-B532DozsiTuQMHu2YChdZU0qsFJSio3Q6jmBYGYNp3gMDzBmuFFgPt9qKA4VYuLZMp4qc6eX7IUFUEsvHiXZAw==
  dependencies:
    "@types/d3-selection" "*"

"@types/d3-chord@*":
  version "3.0.1"
  resolved "https://registry.yarnpkg.com/@types/d3-chord/-/d3-chord-3.0.1.tgz#54c8856c19c8e4ab36a53f73ba737de4768ad248"
  integrity sha512-eQfcxIHrg7V++W8Qxn6QkqBNBokyhdWSAS73AbkbMzvLQmVVBviknoz2SRS/ZJdIOmhcmmdCRE/NFOm28Z1AMw==

"@types/d3-color@*":
  version "3.1.0"
  resolved "https://registry.yarnpkg.com/@types/d3-color/-/d3-color-3.1.0.tgz#6594da178ded6c7c3842f3cc0ac84b156f12f2d4"
  integrity sha512-HKuicPHJuvPgCD+np6Se9MQvS6OCbJmOjGvylzMJRlDwUXjKTTXs6Pwgk79O09Vj/ho3u1ofXnhFOaEWWPrlwA==

"@types/d3-contour@*":
  version "3.0.1"
  resolved "https://registry.yarnpkg.com/@types/d3-contour/-/d3-contour-3.0.1.tgz#9ff4e2fd2a3910de9c5097270a7da8a6ef240017"
  integrity sha512-C3zfBrhHZvrpAAK3YXqLWVAGo87A4SvJ83Q/zVJ8rFWJdKejUnDYaWZPkA8K84kb2vDA/g90LTQAz7etXcgoQQ==
  dependencies:
    "@types/d3-array" "*"
    "@types/geojson" "*"

"@types/d3-delaunay@*":
  version "6.0.1"
  resolved "https://registry.yarnpkg.com/@types/d3-delaunay/-/d3-delaunay-6.0.1.tgz#006b7bd838baec1511270cb900bf4fc377bbbf41"
  integrity sha512-tLxQ2sfT0p6sxdG75c6f/ekqxjyYR0+LwPrsO1mbC9YDBzPJhs2HbJJRrn8Ez1DBoHRo2yx7YEATI+8V1nGMnQ==

"@types/d3-dispatch@*":
  version "3.0.1"
  resolved "https://registry.yarnpkg.com/@types/d3-dispatch/-/d3-dispatch-3.0.1.tgz#a1b18ae5fa055a6734cb3bd3cbc6260ef19676e3"
  integrity sha512-NhxMn3bAkqhjoxabVJWKryhnZXXYYVQxaBnbANu0O94+O/nX9qSjrA1P1jbAQJxJf+VC72TxDX/YJcKue5bRqw==

"@types/d3-drag@*":
  version "3.0.1"
  resolved "https://registry.yarnpkg.com/@types/d3-drag/-/d3-drag-3.0.1.tgz#fb1e3d5cceeee4d913caa59dedf55c94cb66e80f"
  integrity sha512-o1Va7bLwwk6h03+nSM8dpaGEYnoIG19P0lKqlic8Un36ymh9NSkNFX1yiXMKNMx8rJ0Kfnn2eovuFaL6Jvj0zA==
  dependencies:
    "@types/d3-selection" "*"

"@types/d3-dsv@*":
  version "3.0.0"
  resolved "https://registry.yarnpkg.com/@types/d3-dsv/-/d3-dsv-3.0.0.tgz#f3c61fb117bd493ec0e814856feb804a14cfc311"
  integrity sha512-o0/7RlMl9p5n6FQDptuJVMxDf/7EDEv2SYEO/CwdG2tr1hTfUVi0Iavkk2ax+VpaQ/1jVhpnj5rq1nj8vwhn2A==

"@types/d3-ease@*":
  version "3.0.0"
  resolved "https://registry.yarnpkg.com/@types/d3-ease/-/d3-ease-3.0.0.tgz#c29926f8b596f9dadaeca062a32a45365681eae0"
  integrity sha512-aMo4eaAOijJjA6uU+GIeW018dvy9+oH5Y2VPPzjjfxevvGQ/oRDs+tfYC9b50Q4BygRR8yE2QCLsrT0WtAVseA==

"@types/d3-fetch@*":
  version "3.0.1"
  resolved "https://registry.yarnpkg.com/@types/d3-fetch/-/d3-fetch-3.0.1.tgz#f9fa88b81aa2eea5814f11aec82ecfddbd0b8fe0"
  integrity sha512-toZJNOwrOIqz7Oh6Q7l2zkaNfXkfR7mFSJvGvlD/Ciq/+SQ39d5gynHJZ/0fjt83ec3WL7+u3ssqIijQtBISsw==
  dependencies:
    "@types/d3-dsv" "*"

"@types/d3-force@*":
  version "3.0.3"
  resolved "https://registry.yarnpkg.com/@types/d3-force/-/d3-force-3.0.3.tgz#76cb20d04ae798afede1ea6e41750763ff5a9c82"
  integrity sha512-z8GteGVfkWJMKsx6hwC3SiTSLspL98VNpmvLpEFJQpZPq6xpA1I8HNBDNSpukfK0Vb0l64zGFhzunLgEAcBWSA==

"@types/d3-format@*":
  version "3.0.1"
  resolved "https://registry.yarnpkg.com/@types/d3-format/-/d3-format-3.0.1.tgz#194f1317a499edd7e58766f96735bdc0216bb89d"
  integrity sha512-5KY70ifCCzorkLuIkDe0Z9YTf9RR2CjBX1iaJG+rgM/cPP+sO+q9YdQ9WdhQcgPj1EQiJ2/0+yUkkziTG6Lubg==

"@types/d3-geo@*":
  version "3.0.2"
  resolved "https://registry.yarnpkg.com/@types/d3-geo/-/d3-geo-3.0.2.tgz#e7ec5f484c159b2c404c42d260e6d99d99f45d9a"
  integrity sha512-DbqK7MLYA8LpyHQfv6Klz0426bQEf7bRTvhMy44sNGVyZoWn//B0c+Qbeg8Osi2Obdc9BLLXYAKpyWege2/7LQ==
  dependencies:
    "@types/geojson" "*"

"@types/d3-hierarchy@*":
  version "3.1.0"
  resolved "https://registry.yarnpkg.com/@types/d3-hierarchy/-/d3-hierarchy-3.1.0.tgz#4561bb7ace038f247e108295ef77b6a82193ac25"
  integrity sha512-g+sey7qrCa3UbsQlMZZBOHROkFqx7KZKvUpRzI/tAp/8erZWpYq7FgNKvYwebi2LaEiVs1klhUfd3WCThxmmWQ==

"@types/d3-interpolate@*":
  version "3.0.1"
  resolved "https://registry.yarnpkg.com/@types/d3-interpolate/-/d3-interpolate-3.0.1.tgz#e7d17fa4a5830ad56fe22ce3b4fac8541a9572dc"
  integrity sha512-jx5leotSeac3jr0RePOH1KdR9rISG91QIE4Q2PYTu4OymLTZfA3SrnURSLzKH48HmXVUru50b8nje4E79oQSQw==
  dependencies:
    "@types/d3-color" "*"

"@types/d3-path@*":
  version "3.0.0"
  resolved "https://registry.yarnpkg.com/@types/d3-path/-/d3-path-3.0.0.tgz#939e3a784ae4f80b1fde8098b91af1776ff1312b"
  integrity sha512-0g/A+mZXgFkQxN3HniRDbXMN79K3CdTpLsevj+PXiTcb2hVyvkZUBg37StmgCQkaD84cUJ4uaDAWq7UJOQy2Tg==

"@types/d3-polygon@*":
  version "3.0.0"
  resolved "https://registry.yarnpkg.com/@types/d3-polygon/-/d3-polygon-3.0.0.tgz#5200a3fa793d7736fa104285fa19b0dbc2424b93"
  integrity sha512-D49z4DyzTKXM0sGKVqiTDTYr+DHg/uxsiWDAkNrwXYuiZVd9o9wXZIo+YsHkifOiyBkmSWlEngHCQme54/hnHw==

"@types/d3-quadtree@*":
  version "3.0.2"
  resolved "https://registry.yarnpkg.com/@types/d3-quadtree/-/d3-quadtree-3.0.2.tgz#433112a178eb7df123aab2ce11c67f51cafe8ff5"
  integrity sha512-QNcK8Jguvc8lU+4OfeNx+qnVy7c0VrDJ+CCVFS9srBo2GL9Y18CnIxBdTF3v38flrGy5s1YggcoAiu6s4fLQIw==

"@types/d3-random@*":
  version "3.0.1"
  resolved "https://registry.yarnpkg.com/@types/d3-random/-/d3-random-3.0.1.tgz#5c8d42b36cd4c80b92e5626a252f994ca6bfc953"
  integrity sha512-IIE6YTekGczpLYo/HehAy3JGF1ty7+usI97LqraNa8IiDur+L44d0VOjAvFQWJVdZOJHukUJw+ZdZBlgeUsHOQ==

"@types/d3-scale-chromatic@*":
  version "3.0.0"
  resolved "https://registry.yarnpkg.com/@types/d3-scale-chromatic/-/d3-scale-chromatic-3.0.0.tgz#103124777e8cdec85b20b51fd3397c682ee1e954"
  integrity sha512-dsoJGEIShosKVRBZB0Vo3C8nqSDqVGujJU6tPznsBJxNJNwMF8utmS83nvCBKQYPpjCzaaHcrf66iTRpZosLPw==

"@types/d3-scale@*":
  version "4.0.2"
  resolved "https://registry.yarnpkg.com/@types/d3-scale/-/d3-scale-4.0.2.tgz#41be241126af4630524ead9cb1008ab2f0f26e69"
  integrity sha512-Yk4htunhPAwN0XGlIwArRomOjdoBFXC3+kCxK2Ubg7I9shQlVSJy/pG/Ht5ASN+gdMIalpk8TJ5xV74jFsetLA==
  dependencies:
    "@types/d3-time" "*"

"@types/d3-selection@*":
  version "3.0.3"
  resolved "https://registry.yarnpkg.com/@types/d3-selection/-/d3-selection-3.0.3.tgz#57be7da68e7d9c9b29efefd8ea5a9ef1171e42ba"
  integrity sha512-Mw5cf6nlW1MlefpD9zrshZ+DAWL4IQ5LnWfRheW6xwsdaWOb6IRRu2H7XPAQcyXEx1D7XQWgdoKR83ui1/HlEA==

"@types/d3-shape@*":
  version "3.1.0"
  resolved "https://registry.yarnpkg.com/@types/d3-shape/-/d3-shape-3.1.0.tgz#1d87a6ddcf28285ef1e5c278ca4bdbc0658f3505"
  integrity sha512-jYIYxFFA9vrJ8Hd4Se83YI6XF+gzDL1aC5DCsldai4XYYiVNdhtpGbA/GM6iyQ8ayhSp3a148LY34hy7A4TxZA==
  dependencies:
    "@types/d3-path" "*"

"@types/d3-time-format@*":
  version "4.0.0"
  resolved "https://registry.yarnpkg.com/@types/d3-time-format/-/d3-time-format-4.0.0.tgz#ee7b6e798f8deb2d9640675f8811d0253aaa1946"
  integrity sha512-yjfBUe6DJBsDin2BMIulhSHmr5qNR5Pxs17+oW4DoVPyVIXZ+m6bs7j1UVKP08Emv6jRmYrYqxYzO63mQxy1rw==

"@types/d3-time@*":
  version "3.0.0"
  resolved "https://registry.yarnpkg.com/@types/d3-time/-/d3-time-3.0.0.tgz#e1ac0f3e9e195135361fa1a1d62f795d87e6e819"
  integrity sha512-sZLCdHvBUcNby1cB6Fd3ZBrABbjz3v1Vm90nysCQ6Vt7vd6e/h9Lt7SiJUoEX0l4Dzc7P5llKyhqSi1ycSf1Hg==

"@types/d3-timer@*":
  version "3.0.0"
  resolved "https://registry.yarnpkg.com/@types/d3-timer/-/d3-timer-3.0.0.tgz#e2505f1c21ec08bda8915238e397fb71d2fc54ce"
  integrity sha512-HNB/9GHqu7Fo8AQiugyJbv6ZxYz58wef0esl4Mv828w1ZKpAshw/uFWVDUcIB9KKFeFKoxS3cHY07FFgtTRZ1g==

"@types/d3-transition@*":
  version "3.0.2"
  resolved "https://registry.yarnpkg.com/@types/d3-transition/-/d3-transition-3.0.2.tgz#393dc3e3d55009a43cc6f252e73fccab6d78a8a4"
  integrity sha512-jo5o/Rf+/u6uerJ/963Dc39NI16FQzqwOc54bwvksGAdVfvDrqDpVeq95bEvPtBwLCVZutAEyAtmSyEMxN7vxQ==
  dependencies:
    "@types/d3-selection" "*"

"@types/d3-zoom@*":
  version "3.0.1"
  resolved "https://registry.yarnpkg.com/@types/d3-zoom/-/d3-zoom-3.0.1.tgz#4bfc7e29625c4f79df38e2c36de52ec3e9faf826"
  integrity sha512-7s5L9TjfqIYQmQQEUcpMAcBOahem7TRoSO/+Gkz02GbMVuULiZzjF2BOdw291dbO2aNon4m2OdFsRGaCq2caLQ==
  dependencies:
    "@types/d3-interpolate" "*"
    "@types/d3-selection" "*"

"@types/d3@^7.4.0":
  version "7.4.0"
  resolved "https://registry.yarnpkg.com/@types/d3/-/d3-7.4.0.tgz#fc5cac5b1756fc592a3cf1f3dc881bf08225f515"
  integrity sha512-jIfNVK0ZlxcuRDKtRS/SypEyOQ6UHaFQBKv032X45VvxSJ6Yi5G9behy9h6tNTHTDGh5Vq+KbmBjUWLgY4meCA==
  dependencies:
    "@types/d3-array" "*"
    "@types/d3-axis" "*"
    "@types/d3-brush" "*"
    "@types/d3-chord" "*"
    "@types/d3-color" "*"
    "@types/d3-contour" "*"
    "@types/d3-delaunay" "*"
    "@types/d3-dispatch" "*"
    "@types/d3-drag" "*"
    "@types/d3-dsv" "*"
    "@types/d3-ease" "*"
    "@types/d3-fetch" "*"
    "@types/d3-force" "*"
    "@types/d3-format" "*"
    "@types/d3-geo" "*"
    "@types/d3-hierarchy" "*"
    "@types/d3-interpolate" "*"
    "@types/d3-path" "*"
    "@types/d3-polygon" "*"
    "@types/d3-quadtree" "*"
    "@types/d3-random" "*"
    "@types/d3-scale" "*"
    "@types/d3-scale-chromatic" "*"
    "@types/d3-selection" "*"
    "@types/d3-shape" "*"
    "@types/d3-time" "*"
    "@types/d3-time-format" "*"
    "@types/d3-timer" "*"
    "@types/d3-transition" "*"
    "@types/d3-zoom" "*"

"@types/geojson@*":
  version "7946.0.10"
  resolved "https://registry.yarnpkg.com/@types/geojson/-/geojson-7946.0.10.tgz#6dfbf5ea17142f7f9a043809f1cd4c448cb68249"
  integrity sha512-Nmh0K3iWQJzniTuPRcJn5hxXkfB1T1pgB89SBig5PlJQU5yocazeu4jATJlaA0GYFKWMqDdvYemoSnF2pXgLVA==

commander@7:
  version "7.2.0"
  resolved "https://registry.yarnpkg.com/commander/-/commander-7.2.0.tgz#a36cb57d0b501ce108e4d20559a150a391d97ab7"
  integrity sha512-QrWXB+ZQSVPmIWIhtEO9H+gwHaMGYiF5ChvoJ+K9ZGHG/sVsa6yiesAD1GC/x46sET00Xlwo1u49RVVVzvcSkw==

"d3-array@2 - 3", "d3-array@2.10.0 - 3", "d3-array@2.5.0 - 3", d3-array@3, d3-array@^3.2.0:
  version "3.2.0"
  resolved "https://registry.yarnpkg.com/d3-array/-/d3-array-3.2.0.tgz#15bf96cd9b7333e02eb8de8053d78962eafcff14"
  integrity sha512-3yXFQo0oG3QCxbF06rMPFyGRMGJNS7NvsV1+2joOjbBE+9xvWQ8+GcMJAjRCzw06zQ3/arXeJgbPYcjUCuC+3g==
  dependencies:
    internmap "1 - 2"

d3-axis@3:
  version "3.0.0"
  resolved "https://registry.yarnpkg.com/d3-axis/-/d3-axis-3.0.0.tgz#c42a4a13e8131d637b745fc2973824cfeaf93322"
  integrity sha512-IH5tgjV4jE/GhHkRV0HiVYPDtvfjHQlQfJHs0usq7M30XcSBvOotpmH1IgkcXsO/5gEQZD43B//fc7SRT5S+xw==

d3-brush@3:
  version "3.0.0"
  resolved "https://registry.yarnpkg.com/d3-brush/-/d3-brush-3.0.0.tgz#6f767c4ed8dcb79de7ede3e1c0f89e63ef64d31c"
  integrity sha512-ALnjWlVYkXsVIGlOsuWH1+3udkYFI48Ljihfnh8FZPF2QS9o+PzGLBslO0PjzVoHLZ2KCVgAM8NVkXPJB2aNnQ==
  dependencies:
    d3-dispatch "1 - 3"
    d3-drag "2 - 3"
    d3-interpolate "1 - 3"
    d3-selection "3"
    d3-transition "3"

d3-chord@3:
  version "3.0.1"
  resolved "https://registry.yarnpkg.com/d3-chord/-/d3-chord-3.0.1.tgz#d156d61f485fce8327e6abf339cb41d8cbba6966"
  integrity sha512-VE5S6TNa+j8msksl7HwjxMHDM2yNK3XCkusIlpX5kwauBfXuyLAtNg9jCp/iHH61tgI4sb6R/EIMWCqEIdjT/g==
  dependencies:
    d3-path "1 - 3"

"d3-color@1 - 3", d3-color@3:
  version "3.1.0"
  resolved "https://registry.yarnpkg.com/d3-color/-/d3-color-3.1.0.tgz#395b2833dfac71507f12ac2f7af23bf819de24e2"
  integrity sha512-zg/chbXyeBtMQ1LbD/WSoW2DpC3I0mpmPdW+ynRTj/x2DAWYrIY7qeZIHidozwV24m4iavr15lNwIwLxRmOxhA==

d3-contour@4:
  version "4.0.0"
  resolved "https://registry.yarnpkg.com/d3-contour/-/d3-contour-4.0.0.tgz#5a1337c6da0d528479acdb5db54bc81a0ff2ec6b"
  integrity sha512-7aQo0QHUTu/Ko3cP9YK9yUTxtoDEiDGwnBHyLxG5M4vqlBkO/uixMRele3nfsfj6UXOcuReVpVXzAboGraYIJw==
  dependencies:
    d3-array "^3.2.0"

d3-delaunay@6:
  version "6.0.2"
  resolved "https://registry.yarnpkg.com/d3-delaunay/-/d3-delaunay-6.0.2.tgz#7fd3717ad0eade2fc9939f4260acfb503f984e92"
  integrity sha512-IMLNldruDQScrcfT+MWnazhHbDJhcRJyOEBAJfwQnHle1RPh6WDuLvxNArUju2VSMSUuKlY5BGHRJ2cYyoFLQQ==
  dependencies:
    delaunator "5"

"d3-dispatch@1 - 3", d3-dispatch@3:
  version "3.0.1"
  resolved "https://registry.yarnpkg.com/d3-dispatch/-/d3-dispatch-3.0.1.tgz#5fc75284e9c2375c36c839411a0cf550cbfc4d5e"
  integrity sha512-rzUyPU/S7rwUflMyLc1ETDeBj0NRuHKKAcvukozwhshr6g6c5d8zh4c2gQjY2bZ0dXeGLWc1PF174P2tVvKhfg==

"d3-drag@2 - 3", d3-drag@3:
  version "3.0.0"
  resolved "https://registry.yarnpkg.com/d3-drag/-/d3-drag-3.0.0.tgz#994aae9cd23c719f53b5e10e3a0a6108c69607ba"
  integrity sha512-pWbUJLdETVA8lQNJecMxoXfH6x+mO2UQo8rSmZ+QqxcbyA3hfeprFgIT//HW2nlHChWeIIMwS2Fq+gEARkhTkg==
  dependencies:
    d3-dispatch "1 - 3"
    d3-selection "3"

"d3-dsv@1 - 3", d3-dsv@3:
  version "3.0.1"
  resolved "https://registry.yarnpkg.com/d3-dsv/-/d3-dsv-3.0.1.tgz#c63af978f4d6a0d084a52a673922be2160789b73"
  integrity sha512-UG6OvdI5afDIFP9w4G0mNq50dSOsXHJaRE8arAS5o9ApWnIElp8GZw1Dun8vP8OyHOZ/QJUKUJwxiiCCnUwm+Q==
  dependencies:
    commander "7"
    iconv-lite "0.6"
    rw "1"

"d3-ease@1 - 3", d3-ease@3:
  version "3.0.1"
  resolved "https://registry.yarnpkg.com/d3-ease/-/d3-ease-3.0.1.tgz#9658ac38a2140d59d346160f1f6c30fda0bd12f4"
  integrity sha512-wR/XK3D3XcLIZwpbvQwQ5fK+8Ykds1ip7A2Txe0yxncXSdq1L9skcG7blcedkOX+ZcgxGAmLX1FrRGbADwzi0w==

d3-fetch@3:
  version "3.0.1"
  resolved "https://registry.yarnpkg.com/d3-fetch/-/d3-fetch-3.0.1.tgz#83141bff9856a0edb5e38de89cdcfe63d0a60a22"
  integrity sha512-kpkQIM20n3oLVBKGg6oHrUchHM3xODkTzjMoj7aWQFq5QEM+R6E4WkzT5+tojDY7yjez8KgCBRoj4aEr99Fdqw==
  dependencies:
    d3-dsv "1 - 3"

d3-force@3, d3-force@3.0.0:
  version "3.0.0"
  resolved "https://registry.yarnpkg.com/d3-force/-/d3-force-3.0.0.tgz#3e2ba1a61e70888fe3d9194e30d6d14eece155c4"
  integrity sha512-zxV/SsA+U4yte8051P4ECydjD/S+qeYtnaIyAs9tgHCqfguma/aAQDjo85A9Z6EKhBirHRJHXIgJUlffT4wdLg==
  dependencies:
    d3-dispatch "1 - 3"
    d3-quadtree "1 - 3"
    d3-timer "1 - 3"

"d3-format@1 - 3", d3-format@3, d3-format@^3.1.0:
  version "3.1.0"
  resolved "https://registry.yarnpkg.com/d3-format/-/d3-format-3.1.0.tgz#9260e23a28ea5cb109e93b21a06e24e2ebd55641"
  integrity sha512-YyUI6AEuY/Wpt8KWLgZHsIU86atmikuoOmCfommt0LYHiQSPjvX2AcFc38PX0CBpr2RCyZhjex+NS/LPOv6YqA==

d3-geo@3, d3-geo@^3.0.1:
  version "3.0.1"
  resolved "https://registry.yarnpkg.com/d3-geo/-/d3-geo-3.0.1.tgz#4f92362fd8685d93e3b1fae0fd97dc8980b1ed7e"
  integrity sha512-Wt23xBych5tSy9IYAM1FR2rWIBFWa52B/oF/GYe5zbdHrg08FU8+BuI6X4PvTwPDdqdAdq04fuWJpELtsaEjeA==
  dependencies:
    d3-array "2.5.0 - 3"

d3-hierarchy@3:
  version "3.1.2"
  resolved "https://registry.yarnpkg.com/d3-hierarchy/-/d3-hierarchy-3.1.2.tgz#b01cd42c1eed3d46db77a5966cf726f8c09160c6"
  integrity sha512-FX/9frcub54beBdugHjDCdikxThEqjnR93Qt7PvQTOHxyiNCAlvMrHhclk3cD5VeAaq9fxmfRp+CnWw9rEMBuA==

"d3-interpolate@1 - 3", "d3-interpolate@1.2.0 - 3", d3-interpolate@3:
  version "3.0.1"
  resolved "https://registry.yarnpkg.com/d3-interpolate/-/d3-interpolate-3.0.1.tgz#3c47aa5b32c5b3dfb56ef3fd4342078a632b400d"
  integrity sha512-3bYs1rOD33uo8aqJfKP3JWPAibgw8Zm2+L9vBKEHJ2Rg+viTR7o5Mmv5mZcieN+FRYaAOWX5SJATX6k1PWz72g==
  dependencies:
    d3-color "1 - 3"

"d3-path@1 - 3", d3-path@3:
  version "3.0.1"
  resolved "https://registry.yarnpkg.com/d3-path/-/d3-path-3.0.1.tgz#f09dec0aaffd770b7995f1a399152bf93052321e"
  integrity sha512-gq6gZom9AFZby0YLduxT1qmrp4xpBA1YZr19OI717WIdKE2OM5ETq5qrHLb301IgxhLwcuxvGZVLeeWc/k1I6w==

d3-polygon@3:
  version "3.0.1"
  resolved "https://registry.yarnpkg.com/d3-polygon/-/d3-polygon-3.0.1.tgz#0b45d3dd1c48a29c8e057e6135693ec80bf16398"
  integrity sha512-3vbA7vXYwfe1SYhED++fPUQlWSYTTGmFmQiany/gdbiWgU/iEyQzyymwL9SkJjFFuCS4902BSzewVGsHHmHtXg==

"d3-quadtree@1 - 3", d3-quadtree@3:
  version "3.0.1"
  resolved "https://registry.yarnpkg.com/d3-quadtree/-/d3-quadtree-3.0.1.tgz#6dca3e8be2b393c9a9d514dabbd80a92deef1a4f"
  integrity sha512-04xDrxQTDTCFwP5H6hRhsRcb9xxv2RzkcsygFzmkSIOJy3PeRJP7sNk3VRIbKXcog561P9oU0/rVH6vDROAgUw==

d3-random@3:
  version "3.0.1"
  resolved "https://registry.yarnpkg.com/d3-random/-/d3-random-3.0.1.tgz#d4926378d333d9c0bfd1e6fa0194d30aebaa20f4"
  integrity sha512-FXMe9GfxTxqd5D6jFsQ+DJ8BJS4E/fT5mqqdjovykEB2oFbTMDVdg1MGFxfQW+FBOGoB++k8swBrgwSHT1cUXQ==

d3-scale-chromatic@3:
  version "3.0.0"
  resolved "https://registry.yarnpkg.com/d3-scale-chromatic/-/d3-scale-chromatic-3.0.0.tgz#15b4ceb8ca2bb0dcb6d1a641ee03d59c3b62376a"
  integrity sha512-Lx9thtxAKrO2Pq6OO2Ua474opeziKr279P/TKZsMAhYyNDD3EnCffdbgeSYN5O7m2ByQsxtuP2CSDczNUIZ22g==
  dependencies:
    d3-color "1 - 3"
    d3-interpolate "1 - 3"

d3-scale@4, d3-scale@^4.0.2:
  version "4.0.2"
  resolved "https://registry.yarnpkg.com/d3-scale/-/d3-scale-4.0.2.tgz#82b38e8e8ff7080764f8dcec77bd4be393689396"
  integrity sha512-GZW464g1SH7ag3Y7hXjf8RoUuAFIqklOAq3MRl4OaWabTFJY9PN/E1YklhXLh+OQ3fM9yS2nOkCoS+WLZ6kvxQ==
  dependencies:
    d3-array "2.10.0 - 3"
    d3-format "1 - 3"
    d3-interpolate "1.2.0 - 3"
    d3-time "2.1.1 - 3"
    d3-time-format "2 - 4"

"d3-selection@2 - 3", d3-selection@3:
  version "3.0.0"
  resolved "https://registry.yarnpkg.com/d3-selection/-/d3-selection-3.0.0.tgz#c25338207efa72cc5b9bd1458a1a41901f1e1b31"
  integrity sha512-fmTRWbNMmsmWq6xJV8D19U/gw/bwrHfNXxrIN+HfZgnzqTHp9jOmKMhsTUjXOJnZOdZY9Q28y4yebKzqDKlxlQ==

d3-shape@3:
  version "3.1.0"
  resolved "https://registry.yarnpkg.com/d3-shape/-/d3-shape-3.1.0.tgz#c8a495652d83ea6f524e482fca57aa3f8bc32556"
  integrity sha512-tGDh1Muf8kWjEDT/LswZJ8WF85yDZLvVJpYU9Nq+8+yW1Z5enxrmXOhTArlkaElU+CTn0OTVNli+/i+HP45QEQ==
  dependencies:
    d3-path "1 - 3"

"d3-time-format@2 - 4", d3-time-format@4:
  version "4.1.0"
  resolved "https://registry.yarnpkg.com/d3-time-format/-/d3-time-format-4.1.0.tgz#7ab5257a5041d11ecb4fe70a5c7d16a195bb408a"
  integrity sha512-dJxPBlzC7NugB2PDLwo9Q8JiTR3M3e4/XANkreKSUxF8vvXKqm1Yfq4Q5dl8budlunRVlUUaDUgFt7eA8D6NLg==
  dependencies:
    d3-time "1 - 3"

"d3-time@1 - 3", "d3-time@2.1.1 - 3", d3-time@3:
  version "3.0.0"
  resolved "https://registry.yarnpkg.com/d3-time/-/d3-time-3.0.0.tgz#65972cb98ae2d4954ef5c932e8704061335d4975"
  integrity sha512-zmV3lRnlaLI08y9IMRXSDshQb5Nj77smnfpnd2LrBa/2K281Jijactokeak14QacHs/kKq0AQ121nidNYlarbQ==
  dependencies:
    d3-array "2 - 3"

"d3-timer@1 - 3", d3-timer@3:
  version "3.0.1"
  resolved "https://registry.yarnpkg.com/d3-timer/-/d3-timer-3.0.1.tgz#6284d2a2708285b1abb7e201eda4380af35e63b0"
  integrity sha512-ndfJ/JxxMd3nw31uyKoY2naivF+r29V+Lc0svZxe1JvvIRmi8hUsrMvdOwgS1o6uBHmiz91geQ0ylPP0aj1VUA==

"d3-transition@2 - 3", d3-transition@3:
  version "3.0.1"
  resolved "https://registry.yarnpkg.com/d3-transition/-/d3-transition-3.0.1.tgz#6869fdde1448868077fdd5989200cb61b2a1645f"
  integrity sha512-ApKvfjsSR6tg06xrL434C0WydLr7JewBB3V+/39RMHsaXTOG0zmt/OAXeng5M5LBm0ojmxJrpomQVZ1aPvBL4w==
  dependencies:
    d3-color "1 - 3"
    d3-dispatch "1 - 3"
    d3-ease "1 - 3"
    d3-interpolate "1 - 3"
    d3-timer "1 - 3"

d3-zoom@3:
  version "3.0.0"
  resolved "https://registry.yarnpkg.com/d3-zoom/-/d3-zoom-3.0.0.tgz#d13f4165c73217ffeaa54295cd6969b3e7aee8f3"
  integrity sha512-b8AmV3kfQaqWAuacbPuNbL6vahnOJflOhexLzMMNLga62+/nh0JzvJ0aO/5a5MVgUFGS7Hu1P9P03o3fJkDCyw==
  dependencies:
    d3-dispatch "1 - 3"
    d3-drag "2 - 3"
    d3-interpolate "1 - 3"
    d3-selection "2 - 3"
    d3-transition "2 - 3"

d3@^7.6.1:
  version "7.6.1"
  resolved "https://registry.yarnpkg.com/d3/-/d3-7.6.1.tgz#b21af9563485ed472802f8c611cc43be6c37c40c"
  integrity sha512-txMTdIHFbcpLx+8a0IFhZsbp+PfBBPt8yfbmukZTQFroKuFqIwqswF0qE5JXWefylaAVpSXFoKm3yP+jpNLFLw==
  dependencies:
    d3-array "3"
    d3-axis "3"
    d3-brush "3"
    d3-chord "3"
    d3-color "3"
    d3-contour "4"
    d3-delaunay "6"
    d3-dispatch "3"
    d3-drag "3"
    d3-dsv "3"
    d3-ease "3"
    d3-fetch "3"
    d3-force "3"
    d3-format "3"
    d3-geo "3"
    d3-hierarchy "3"
    d3-interpolate "3"
    d3-path "3"
    d3-polygon "3"
    d3-quadtree "3"
    d3-random "3"
    d3-scale "4"
    d3-scale-chromatic "3"
    d3-selection "3"
    d3-shape "3"
    d3-time "3"
    d3-time-format "4"
    d3-timer "3"
    d3-transition "3"
    d3-zoom "3"

debug@^4.3.4:
  version "4.3.4"
  resolved "https://registry.yarnpkg.com/debug/-/debug-4.3.4.tgz#1319f6579357f2338d3337d2cdd4914bb5dcc865"
  integrity sha512-PRWFHuSU3eDtQJPvnNY7Jcket1j0t5OuOsFzPPzsekD52Zl8qUfFIPEiswXqIvHWGVHOgX+7G/vCNNhehwxfkQ==
  dependencies:
    ms "2.1.2"

deepmerge@^4.2.2:
  version "4.2.2"
  resolved "https://registry.yarnpkg.com/deepmerge/-/deepmerge-4.2.2.tgz#44d2ea3679b8f4d4ffba33f03d865fc1e7bf4955"
  integrity sha512-FJ3UgI4gIl+PHZm53knsuSFpE+nESMr7M4v9QcgB7S63Kj/6WqMiFQJpBBYz1Pt+66bZpP3Q7Lye0Oo9MPKEdg==

delaunator@5:
  version "5.0.0"
  resolved "https://registry.yarnpkg.com/delaunator/-/delaunator-5.0.0.tgz#60f052b28bd91c9b4566850ebf7756efe821d81b"
  integrity sha512-AyLvtyJdbv/U1GkiS6gUUzclRoAY4Gs75qkMygJJhU75LW4DNuSF2RMzpxs9jw9Oz1BobHjTdkG3zdP55VxAqw==
  dependencies:
    robust-predicates "^3.0.0"

esbuild-android-64@0.15.11:
  version "0.15.11"
  resolved "https://registry.yarnpkg.com/esbuild-android-64/-/esbuild-android-64-0.15.11.tgz#50402129c3e85bb06434e212374c5f693e4c5f01"
  integrity sha512-rrwoXEiuI1kaw4k475NJpexs8GfJqQUKcD08VR8sKHmuW9RUuTR2VxcupVvHdiGh9ihxL9m3lpqB1kju92Ialw==

esbuild-android-arm64@0.15.11:
  version "0.15.11"
  resolved "https://registry.yarnpkg.com/esbuild-android-arm64/-/esbuild-android-arm64-0.15.11.tgz#49bee35218ea2ccf1a0c5f187af77c1c0a5dee71"
  integrity sha512-/hDubOg7BHOhUUsT8KUIU7GfZm5bihqssvqK5PfO4apag7YuObZRZSzViyEKcFn2tPeHx7RKbSBXvAopSHDZJQ==

esbuild-darwin-64@0.15.11:
  version "0.15.11"
  resolved "https://registry.yarnpkg.com/esbuild-darwin-64/-/esbuild-darwin-64-0.15.11.tgz#89a90c8cf6f0029ac4169bfedd012a0412c1575f"
  integrity sha512-1DqHD0ms3AhiwkKnjRUzmiW7JnaJJr5FKrPiR7xuyMwnjDqvNWDdMq4rKSD9OC0piFNK6n0LghsglNMe2MwJtA==

esbuild-darwin-arm64@0.15.11:
  version "0.15.11"
  resolved "https://registry.yarnpkg.com/esbuild-darwin-arm64/-/esbuild-darwin-arm64-0.15.11.tgz#556f4385c6de806cc81132dd7b8af00fe9d292df"
  integrity sha512-OMzhxSbS0lwwrW40HHjRCeVIJTURdXFA8c3GU30MlHKuPCcvWNUIKVucVBtNpJySXmbkQMDJdJNrXzNDyvoqvQ==

esbuild-freebsd-64@0.15.11:
  version "0.15.11"
  resolved "https://registry.yarnpkg.com/esbuild-freebsd-64/-/esbuild-freebsd-64-0.15.11.tgz#fd86fd1b3b65366048f35b996d9cdf3547384eee"
  integrity sha512-8dKP26r0/Qyez8nTCwpq60QbuYKOeBygdgOAWGCRalunyeqWRoSZj9TQjPDnTTI9joxd3QYw3UhVZTKxO9QdRg==

esbuild-freebsd-arm64@0.15.11:
  version "0.15.11"
  resolved "https://registry.yarnpkg.com/esbuild-freebsd-arm64/-/esbuild-freebsd-arm64-0.15.11.tgz#d346bcacfe9779ebc1a11edac1bdedeff6dda3b1"
  integrity sha512-aSGiODiukLGGnSg/O9+cGO2QxEacrdCtCawehkWYTt5VX1ni2b9KoxpHCT9h9Y6wGqNHmXFnB47RRJ8BIqZgmQ==

esbuild-linux-32@0.15.11:
  version "0.15.11"
  resolved "https://registry.yarnpkg.com/esbuild-linux-32/-/esbuild-linux-32-0.15.11.tgz#64b50e774bf75af7dcc6a73ad509f2eb0ac4487b"
  integrity sha512-lsrAfdyJBGx+6aHIQmgqUonEzKYeBnyfJPkT6N2dOf1RoXYYV1BkWB6G02tjsrz1d5wZzaTc3cF+TKmuTo/ZwA==

esbuild-linux-64@0.15.11:
  version "0.15.11"
  resolved "https://registry.yarnpkg.com/esbuild-linux-64/-/esbuild-linux-64-0.15.11.tgz#fba3a78b95769772863f8f6dc316abca55cf8416"
  integrity sha512-Y2Rh+PcyVhQqXKBTacPCltINN3uIw2xC+dsvLANJ1SpK5NJUtxv8+rqWpjmBgaNWKQT1/uGpMmA9olALy9PLVA==

esbuild-linux-arm64@0.15.11:
  version "0.15.11"
  resolved "https://registry.yarnpkg.com/esbuild-linux-arm64/-/esbuild-linux-arm64-0.15.11.tgz#c0cb31980eee066bfd39a4593660a0ecebe926cb"
  integrity sha512-uhcXiTwTmD4OpxJu3xC5TzAAw6Wzf9O1XGWL448EE9bqGjgV1j+oK3lIHAfsHnuIn8K4nDW8yjX0Sv5S++oRuw==

esbuild-linux-arm@0.15.11:
  version "0.15.11"
  resolved "https://registry.yarnpkg.com/esbuild-linux-arm/-/esbuild-linux-arm-0.15.11.tgz#7824d20099977aa671016c7de7a5038c9870010f"
  integrity sha512-TJllTVk5aSyqPFvvcHTvf6Wu1ZKhWpJ/qNmZO8LL/XeB+LXCclm7HQHNEIz6MT7IX8PmlC1BZYrOiw2sXSB95A==

esbuild-linux-mips64le@0.15.11:
  version "0.15.11"
  resolved "https://registry.yarnpkg.com/esbuild-linux-mips64le/-/esbuild-linux-mips64le-0.15.11.tgz#10627331c90164e553429ed25e025184bba485b6"
  integrity sha512-WD61y/R1M4BLe4gxXRypoQ0Ci+Vjf714QYzcPNkiYv5I8K8WDz2ZR8Bm6cqKxd6rD+e/rZgPDbhQ9PCf7TMHmA==

esbuild-linux-ppc64le@0.15.11:
  version "0.15.11"
  resolved "https://registry.yarnpkg.com/esbuild-linux-ppc64le/-/esbuild-linux-ppc64le-0.15.11.tgz#be42679a36a5246b893fc8b898135ebacb5a0a14"
  integrity sha512-JVleZS9oPVLTlBhPTWgOwxFWU/wMUdlBwTbGA4GF8c38sLbS13cupj+C8bLq929jU7EMWry4SaL+tKGIaTlqKg==

esbuild-linux-riscv64@0.15.11:
  version "0.15.11"
  resolved "https://registry.yarnpkg.com/esbuild-linux-riscv64/-/esbuild-linux-riscv64-0.15.11.tgz#3ac2f328e3db73cbff833ada94314d8e79503e54"
  integrity sha512-9aLIalZ2HFHIOZpmVU11sEAS9F8TnHw49daEjcgMpBXHFF57VuT9f9/9LKJhw781Gda0P9jDkuCWJ0tFbErvJw==

esbuild-linux-s390x@0.15.11:
  version "0.15.11"
  resolved "https://registry.yarnpkg.com/esbuild-linux-s390x/-/esbuild-linux-s390x-0.15.11.tgz#e774e0df061b6847d86783bf3c8c4300a72e03ad"
  integrity sha512-sZHtiXXOKsLI3XGBGoYO4qKBzJlb8xNsWmvFiwFMHFzA4AXgDP1KDp7Dawe9C2pavTRBDvl+Ok4n/DHQ59oaTg==

esbuild-netbsd-64@0.15.11:
  version "0.15.11"
  resolved "https://registry.yarnpkg.com/esbuild-netbsd-64/-/esbuild-netbsd-64-0.15.11.tgz#55e265fa4489e3f396b16c81f6f5a11d6ca2a9a4"
  integrity sha512-hUC9yN06K9sg7ju4Vgu9ChAPdsEgtcrcLfyNT5IKwKyfpLvKUwCMZSdF+gRD3WpyZelgTQfJ+pDx5XFbXTlB0A==

esbuild-openbsd-64@0.15.11:
  version "0.15.11"
  resolved "https://registry.yarnpkg.com/esbuild-openbsd-64/-/esbuild-openbsd-64-0.15.11.tgz#bc04103ccfd8c2f2241e1add0b51a095955b73c4"
  integrity sha512-0bBo9SQR4t66Wd91LGMAqmWorzO0TTzVjYiifwoFtel8luFeXuPThQnEm5ztN4g0fnvcp7AnUPPzS/Depf17wQ==

esbuild-sunos-64@0.15.11:
  version "0.15.11"
  resolved "https://registry.yarnpkg.com/esbuild-sunos-64/-/esbuild-sunos-64-0.15.11.tgz#ccd580305d31fde07b5c386da79c942aaf069013"
  integrity sha512-EuBdTGlsMTjEl1sQnBX2jfygy7iR6CKfvOzi+gEOfhDqbHXsmY1dcpbVtcwHAg9/2yUZSfMJHMAgf1z8M4yyyw==

esbuild-windows-32@0.15.11:
  version "0.15.11"
  resolved "https://registry.yarnpkg.com/esbuild-windows-32/-/esbuild-windows-32-0.15.11.tgz#40fe1d48f9b20a76f6db5109aaaf1511aed58c71"
  integrity sha512-O0/Wo1Wk6dc0rZSxkvGpmTNIycEznHmkObTFz2VHBhjPsO4ZpCgfGxNkCpz4AdAIeMczpTXt/8d5vdJNKEGC+Q==

esbuild-windows-64@0.15.11:
  version "0.15.11"
  resolved "https://registry.yarnpkg.com/esbuild-windows-64/-/esbuild-windows-64-0.15.11.tgz#80c58b1ef2ff030c78e3a06e7a922776cc4cb687"
  integrity sha512-x977Q4HhNjnHx00b4XLAnTtj5vfbdEvkxaQwC1Zh5AN8g5EX+izgZ6e5QgqJgpzyRNJqh4hkgIJF1pyy1be0mQ==

esbuild-windows-arm64@0.15.11:
  version "0.15.11"
  resolved "https://registry.yarnpkg.com/esbuild-windows-arm64/-/esbuild-windows-arm64-0.15.11.tgz#018624023b5c3f0cca334cc99f5ef7134d396333"
  integrity sha512-VwUHFACuBahrvntdcMKZteUZ9HaYrBRODoKe4tIWxguQRvvYoYb7iu5LrcRS/FQx8KPZNaa72zuqwVtHeXsITw==

esbuild@^0.15.9:
  version "0.15.11"
  resolved "https://registry.yarnpkg.com/esbuild/-/esbuild-0.15.11.tgz#524d48612a9aa7edc1753c83459cb6fcae0cb66e"
  integrity sha512-OgHGuhlfZ//mToxjte1D5iiiQgWfJ2GByVMwEC/IuoXsBGkuyK1+KrjYu0laSpnN/L1UmLUCv0s25vObdc1bVg==
  optionalDependencies:
    "@esbuild/android-arm" "0.15.11"
    "@esbuild/linux-loong64" "0.15.11"
    esbuild-android-64 "0.15.11"
    esbuild-android-arm64 "0.15.11"
    esbuild-darwin-64 "0.15.11"
    esbuild-darwin-arm64 "0.15.11"
    esbuild-freebsd-64 "0.15.11"
    esbuild-freebsd-arm64 "0.15.11"
    esbuild-linux-32 "0.15.11"
    esbuild-linux-64 "0.15.11"
    esbuild-linux-arm "0.15.11"
    esbuild-linux-arm64 "0.15.11"
    esbuild-linux-mips64le "0.15.11"
    esbuild-linux-ppc64le "0.15.11"
    esbuild-linux-riscv64 "0.15.11"
    esbuild-linux-s390x "0.15.11"
    esbuild-netbsd-64 "0.15.11"
    esbuild-openbsd-64 "0.15.11"
    esbuild-sunos-64 "0.15.11"
    esbuild-windows-32 "0.15.11"
    esbuild-windows-64 "0.15.11"
    esbuild-windows-arm64 "0.15.11"

estree-walker@^2.0.1:
  version "2.0.2"
  resolved "https://registry.yarnpkg.com/estree-walker/-/estree-walker-2.0.2.tgz#52f010178c2a4c117a7757cfe942adb7d2da4cac"
  integrity sha512-Rfkk/Mp/DL7JVje3u18FxFujQlTNR2q6QfMSMB7AvCBx91NGj/ba3kCfza0f6dVDbw7YlRf/nDrn7pQrCCyQ/w==

fsevents@~2.3.2:
  version "2.3.2"
  resolved "https://registry.yarnpkg.com/fsevents/-/fsevents-2.3.2.tgz#8a526f78b8fdf4623b709e0b975c52c24c02fd1a"
  integrity sha512-xiqMQR4xAeHTuB9uWm+fFRcIOgKBMiOBP+eXiyT7jsgVCq1bkVygt00oASowB7EdtpOHaaPgKt812P9ab+DDKA==

function-bind@^1.1.1:
  version "1.1.1"
  resolved "https://registry.yarnpkg.com/function-bind/-/function-bind-1.1.1.tgz#a56899d3ea3c9bab874bb9773b7c5ede92f4895d"
  integrity sha512-yIovAzMX49sF8Yl58fSCWJ5svSLuaibPxXQJFLmBObTuCr0Mf1KiPopGM9NiFjiYBCbfaa2Fh6breQ6ANVTI0A==

has@^1.0.3:
  version "1.0.3"
  resolved "https://registry.yarnpkg.com/has/-/has-1.0.3.tgz#722d7cbfc1f6aa8241f16dd814e011e1f41e8796"
  integrity sha512-f2dvO0VU6Oej7RkWJGrehjbzMAjFp5/VKPp5tTpWIV4JHHZK1/BxbFRtf/siA2SWTe09caDmVtYYzWEIbBS4zw==
  dependencies:
    function-bind "^1.1.1"

iconv-lite@0.6:
  version "0.6.3"
  resolved "https://registry.yarnpkg.com/iconv-lite/-/iconv-lite-0.6.3.tgz#a52f80bf38da1952eb5c681790719871a1a72501"
  integrity sha512-4fCk79wshMdzMp2rH06qWrJE4iolqLhCUH+OiuIgU++RB0+94NlDL81atO7GX55uUKueo0txHNtvEyI6D7WdMw==
  dependencies:
    safer-buffer ">= 2.1.2 < 3.0.0"

inherits@2.0.3:
  version "2.0.3"
  resolved "https://registry.yarnpkg.com/inherits/-/inherits-2.0.3.tgz#633c2c83e3da42a502f52466022480f4208261de"
  integrity sha512-x00IRNXNy63jwGkJmzPigoySHbaqpNuzKbBOmzK+g2OdZpQ9w+sxCN+VSB3ja7IAge2OP2qpfxTjeNcyjmW1uw==

"internmap@1 - 2":
  version "2.0.3"
  resolved "https://registry.yarnpkg.com/internmap/-/internmap-2.0.3.tgz#6685f23755e43c524e251d29cbc97248e3061009"
  integrity sha512-5Hh7Y1wQbvY5ooGgPbDaL5iYLAPzMTUrjMulskHLH6wnv/A+1q5rgEaiuqEjB+oxGXIVZs1FF+R/KPN3ZSQYYg==

is-core-module@^2.9.0:
  version "2.10.0"
  resolved "https://registry.yarnpkg.com/is-core-module/-/is-core-module-2.10.0.tgz#9012ede0a91c69587e647514e1d5277019e728ed"
  integrity sha512-Erxj2n/LDAZ7H8WNJXd9tw38GYM3dv8rk8Zcs+jJuxYTW7sozH+SS8NtrSjVL1/vpLvWi1hxy96IzjJ3EHTJJg==
  dependencies:
    has "^1.0.3"

kleur@^4.1.5:
  version "4.1.5"
  resolved "https://registry.yarnpkg.com/kleur/-/kleur-4.1.5.tgz#95106101795f7050c6c650f350c683febddb1780"
  integrity sha512-o+NO+8WrRiQEE4/7nwRJhN1HWpVmJm511pBHUxPLtp0BUISzlBplORYSmTclCnJvQq2tKu/sgl3xVpkc7ZWuQQ==

magic-string@^0.26.5:
  version "0.26.7"
  resolved "https://registry.yarnpkg.com/magic-string/-/magic-string-0.26.7.tgz#caf7daf61b34e9982f8228c4527474dac8981d6f"
  integrity sha512-hX9XH3ziStPoPhJxLq1syWuZMxbDvGNbVchfrdCtanC7D13888bMFow61x8axrx+GfHLtVeAx2kxL7tTGRl+Ow==
  dependencies:
    sourcemap-codec "^1.4.8"

ms@2.1.2:
  version "2.1.2"
  resolved "https://registry.yarnpkg.com/ms/-/ms-2.1.2.tgz#d09d1f357b443f493382a8eb3ccd183872ae6009"
  integrity sha512-sGkPx+VjMtmA6MX27oA4FBFELFCZZ4S4XqeGOXCv68tT+jb3vk/RyaKWP0PTKyWtmLSM0b+adUTEvbs1PEaH2w==

nanoid@^3.3.4:
  version "3.3.4"
  resolved "https://registry.yarnpkg.com/nanoid/-/nanoid-3.3.4.tgz#730b67e3cd09e2deacf03c027c81c9d9dbc5e8ab"
  integrity sha512-MqBkQh/OHTS2egovRtLk45wEyNXwF+cokD+1YPf9u5VfJiRdAiRwB2froX5Co9Rh20xs4siNPm8naNotSD6RBw==

path-parse@^1.0.7:
  version "1.0.7"
  resolved "https://registry.yarnpkg.com/path-parse/-/path-parse-1.0.7.tgz#fbc114b60ca42b30d9daf5858e4bd68bbedb6735"
  integrity sha512-LDJzPVEEEPR+y48z93A0Ed0yXb8pAByGWo/k5YYdYgpY2/2EsOsksJrq7lOHxryrVOn1ejG6oAp8ahvOIQD8sw==

path@^0.12.7:
  version "0.12.7"
  resolved "https://registry.yarnpkg.com/path/-/path-0.12.7.tgz#d4dc2a506c4ce2197eb481ebfcd5b36c0140b10f"
  integrity sha512-aXXC6s+1w7otVF9UletFkFcDsJeO7lSZBPUQhtb5O0xJe8LtYhj/GxldoL09bBj9+ZmE2hNoHqQSFMN5fikh4Q==
  dependencies:
    process "^0.11.1"
    util "^0.10.3"

picocolors@^1.0.0:
  version "1.0.0"
  resolved "https://registry.yarnpkg.com/picocolors/-/picocolors-1.0.0.tgz#cb5bdc74ff3f51892236eaf79d68bc44564ab81c"
  integrity sha512-1fygroTLlHu66zi26VoTDv8yRgm0Fccecssto+MhsZ0D/DGW2sm8E8AjW7NU5VVTRt5GxbeZ5qBuJr+HyLYkjQ==

picomatch@^2.2.2:
  version "2.3.1"
  resolved "https://registry.yarnpkg.com/picomatch/-/picomatch-2.3.1.tgz#3ba3833733646d9d3e4995946c1365a67fb07a42"
  integrity sha512-JU3teHTNjmE2VCGFzuY8EXzCDVwEqB2a8fsIvwaStHhAWJEeVd1o1QD80CU6+ZdEXXSLbSsuLwJjkCBWqRQUVA==

postcss@^8.4.16:
  version "8.4.18"
  resolved "https://registry.yarnpkg.com/postcss/-/postcss-8.4.18.tgz#6d50046ea7d3d66a85e0e782074e7203bc7fbca2"
  integrity sha512-Wi8mWhncLJm11GATDaQKobXSNEYGUHeQLiQqDFG1qQ5UTDPTEvKw0Xt5NsTpktGTwLps3ByrWsBrG0rB8YQ9oA==
  dependencies:
    nanoid "^3.3.4"
    picocolors "^1.0.0"
    source-map-js "^1.0.2"

process@^0.11.1:
  version "0.11.10"
  resolved "https://registry.yarnpkg.com/process/-/process-0.11.10.tgz#7332300e840161bda3e69a1d1d91a7d4bc16f182"
  integrity sha512-cdGef/drWFoydD1JsMzuFf8100nZl+GT+yacc2bEced5f9Rjk4z+WtFUTBu9PhOi9j/jfmBPu0mMEY4wIdAF8A==

resolve@^1.22.1:
  version "1.22.1"
  resolved "https://registry.yarnpkg.com/resolve/-/resolve-1.22.1.tgz#27cb2ebb53f91abb49470a928bba7558066ac177"
  integrity sha512-nBpuuYuY5jFsli/JIs1oldw6fOQCBioohqWZg/2hiaOybXOft4lonv85uDOKXdf8rhyK159cxU5cDcK/NKk8zw==
  dependencies:
    is-core-module "^2.9.0"
    path-parse "^1.0.7"
    supports-preserve-symlinks-flag "^1.0.0"

robust-predicates@^3.0.0:
  version "3.0.1"
  resolved "https://registry.yarnpkg.com/robust-predicates/-/robust-predicates-3.0.1.tgz#ecde075044f7f30118682bd9fb3f123109577f9a"
  integrity sha512-ndEIpszUHiG4HtDsQLeIuMvRsDnn8c8rYStabochtUeCvfuvNptb5TUbVD68LRAILPX7p9nqQGh4xJgn3EHS/g==

rollup@~2.78.0:
  version "2.78.1"
  resolved "https://registry.yarnpkg.com/rollup/-/rollup-2.78.1.tgz#52fe3934d9c83cb4f7c4cb5fb75d88591be8648f"
  integrity sha512-VeeCgtGi4P+o9hIg+xz4qQpRl6R401LWEXBmxYKOV4zlF82lyhgh2hTZnheFUbANE8l2A41F458iwj2vEYaXJg==
  optionalDependencies:
    fsevents "~2.3.2"

rw@1:
  version "1.3.3"
  resolved "https://registry.yarnpkg.com/rw/-/rw-1.3.3.tgz#3f862dfa91ab766b14885ef4d01124bfda074fb4"
  integrity sha512-PdhdWy89SiZogBLaw42zdeqtRJ//zFd2PgQavcICDUgJT5oW10QCRKbJ6bg4r0/UY2M6BWd5tkxuGFRvCkgfHQ==

"safer-buffer@>= 2.1.2 < 3.0.0":
  version "2.1.2"
  resolved "https://registry.yarnpkg.com/safer-buffer/-/safer-buffer-2.1.2.tgz#44fa161b0187b9549dd84bb91802f9bd8385cd6a"
  integrity sha512-YZo3K82SD7Riyi0E1EQPojLz7kpepnSQI9IyPbHHg1XXXevb5dJI7tpyN2ADxGcQbHG7vcyRHk0cbwqcQriUtg==

source-map-js@^1.0.2:
  version "1.0.2"
  resolved "https://registry.yarnpkg.com/source-map-js/-/source-map-js-1.0.2.tgz#adbc361d9c62df380125e7f161f71c826f1e490c"
  integrity sha512-R0XvVJ9WusLiqTCEiGCmICCMplcCkIwwR11mOSD9CR5u+IXYdiseeEuXCVAjS54zqwkLcPNnmU4OeJ6tUrWhDw==

sourcemap-codec@^1.4.8:
  version "1.4.8"
  resolved "https://registry.yarnpkg.com/sourcemap-codec/-/sourcemap-codec-1.4.8.tgz#ea804bd94857402e6992d05a38ef1ae35a9ab4c4"
  integrity sha512-9NykojV5Uih4lgo5So5dtw+f0JgJX30KCNI8gwhz2J9A15wD0Ml6tjHKwf6fTSa6fAdVBdZeNOs9eJ71qCk8vA==

supports-preserve-symlinks-flag@^1.0.0:
  version "1.0.0"
  resolved "https://registry.yarnpkg.com/supports-preserve-symlinks-flag/-/supports-preserve-symlinks-flag-1.0.0.tgz#6eda4bd344a3c94aea376d4cc31bc77311039e09"
  integrity sha512-ot0WnXS9fgdkgIcePe6RHNk1WA8+muPa6cSjeR3V8K27q9BB1rTE3R1p7Hv0z1ZyAc8s6Vvv8DIyWf681MAt0w==

svelte-hmr@^0.15.0:
  version "0.15.0"
  resolved "https://registry.yarnpkg.com/svelte-hmr/-/svelte-hmr-0.15.0.tgz#c8304b5dd33f006415329d91470761d19417a324"
  integrity sha512-Aw21SsyoohyVn4yiKXWPNCSW2DQNH/76kvUnE9kpt4h9hcg9tfyQc6xshx9hzgMfGF0kVx0EGD8oBMWSnATeOg==

svelte@^3.49.0:
  version "3.52.0"
  resolved "https://registry.yarnpkg.com/svelte/-/svelte-3.52.0.tgz#08259eff20904c63882b66a5d409a55e8c6743b8"
  integrity sha512-FxcnEUOAVfr10vDU5dVgJN19IvqeHQCS1zfe8vayTfis9A2t5Fhx+JDe5uv/C3j//bB1umpLJ6quhgs9xyUbCQ==

util@^0.10.3:
  version "0.10.4"
  resolved "https://registry.yarnpkg.com/util/-/util-0.10.4.tgz#3aa0125bfe668a4672de58857d3ace27ecb76901"
  integrity sha512-0Pm9hTQ3se5ll1XihRic3FDIku70C+iHUdT/W926rSgHV5QgXsYbKZN8MSC3tJtSkhuROzvsQjAaFENRXr+19A==
  dependencies:
    inherits "2.0.3"

vite@^3.1.0:
  version "3.1.8"
  resolved "https://registry.yarnpkg.com/vite/-/vite-3.1.8.tgz#fa29144167d19b773baffd65b3972ea4c12359c9"
  integrity sha512-m7jJe3nufUbuOfotkntGFupinL/fmuTNuQmiVE7cH2IZMuf4UbfbGYMUT3jVWgGYuRVLY9j8NnrRqgw5rr5QTg==
  dependencies:
    esbuild "^0.15.9"
    postcss "^8.4.16"
    resolve "^1.22.1"
    rollup "~2.78.0"
  optionalDependencies:
    fsevents "~2.3.2"
